github.com/beego/mux v0.0.0-20170807094426-6660b4b5accb h1:axnOt7m6K48TKsOVlimWmGfnevzEgqUVtb6nUl3qTGc=
github.com/beego/mux v0.0.0-20170807094426-6660b4b5accb/go.mod h1:0taFqEAcm55Z4UtLzfKmpPdnLq537xGk/95OF2/0ebQ=
github.com/chzyer/logex v1.1.10/go.mod h1:+Ywpsq7O8HXn0nuIou7OrIPyXbp3wmkHB+jjWRnGsAI=
github.com/chzyer/readline v0.0.0-20180603132655-2972be24d48e h1:fY5BOSpyZCqRo5OhCuC+XN+r/bBCmeuuJtjz+bCNIf8=
github.com/chzyer/readline v0.0.0-20180603132655-2972be24d48e/go.mod h1:nSuG5e5PlCu98SY8svDHJxuZscDgtXS6KTTbou5AhLI=
github.com/chzyer/test v0.0.0-20180213035817-a1ea475d72b1/go.mod h1:Q3SI9o4m/ZMnBNeIyt5eFwwo7qiLfzFZmjNmxjkiQlU=
github.com/davecgh/go-spew v1.1.0/go.mod h1:J7Y8YcW2NihsgmVo/mv3lAwl/skON4iLHjSsI+c5H38=
github.com/dimfeld/httptreemux v5.0.1+incompatible/go.mod h1:rbUlSV+CCpv/SuqUTP/8Bk2O3LyUV436/yaRGkhP6Z0=
github.com/go-chi/chi v1.5.4 h1:QHdzF2szwjqVV4wmByUnTcsbIg7UGaQ0tPF2t5GcAIs=
github.com/go-chi/chi v1.5.4/go.mod h1:uaf8YgoFazUOkPBG7fxPftUylNumIev9awIWOENIuEg=
github.com/go-zoo/bone v1.3.0 h1:PY6sHq37FnQhj+4ZyqFIzJQHvrrGx0GEc3vTZZC/OsI=
github.com/go-zoo/bone v1.3.0/go.mod h1:HI3Lhb7G3UQcAwEhOJ2WyNcsFtQX1WYHa0Hl4OBbhW8=
github.com/google/pprof v0.0.0-20210226084205-cbba55b83ad5 h1:zIaiqGYDQwa4HVx5wGRTXbx38Pqxjemn4BP98wpzpXo=
github.com/google/pprof v0.0.0-20210226084205-cbba55b83ad5/go.mod h1:kpwsk12EmLew5upagYY7GY0pfYCcupk39gWOCRROcvE=
github.com/gorilla/mux v1.8.0 h1:i40aqfkR1h2SlN9hojwV5ZA91wcXFOvkdNIeFDP5koI=
github.com/gorilla/mux v1.8.0/go.mod h1:DVbg23sWSpFRCP0SfiEN6jmj59UnW/n46BH5rLB71So=
github.com/ianlancetaylor/demangle v0.0.0-20200824232613-28f6c0f3b639/go.mod h1:aSSvb/t6k1mPoxDqO4vJh6VOCGPwU4O0C2/Eqndh1Sc=
github.com/ianlancetaylor/demangle v0.0.0-20210312005511-7a0008c442e6 h1:44Pwur74AJyG4UE7aQeNFO+to8PDy+PjGLJXHFRwHa4=
github.com/ianlancetaylor/demangle v0.0.0-20210312005511-7a0008c442e6/go.mod h1:aYm2/VgdVmcIU8iMfdMvDMsRAQjcfZSKFby6HOFvi/w=
github.com/julienschmidt/httprouter v1.3.0 h1:U0609e9tgbseu3rBINet9P48AI/D3oJs4dN7jwJOQ1U=
github.com/julienschmidt/httprouter v1.3.0/go.mod h1:JR6WtHb+2LUe8TCKY3cZOxFyyO8IZAc4RVcycCCAKdM=
github.com/pmezard/go-difflib v1.0.0/go.mod h1:iKH77koFhYxTK1pcRnkKkqfTogsbg7gZNVY4sRDYZ/4=
github.com/stretchr/objx v0.1.0/go.mod h1:HFkY916IF+rwdDfMAkV7OtwuqBVzrE8GR6GFx+wExME=
github.com/stretchr/testify v1.6.1/go.mod h1:6Fq8oRcR53rry900zMqJjRRixrwX3KX962/h/Wwjteg=
github.com/stretchr/testify v1.7.0/go.mod h1:6Fq8oRcR53rry900zMqJjRRixrwX3KX962/h/Wwjteg=
github.com/teambition/trie-mux v1.5.0 h1:1sEp8Ja/nY5A2bF5Ahtrv2/zcK9rzHIs6bEIMCMzyuo=
github.com/teambition/trie-mux v1.5.0/go.mod h1:LMZj/kjeu30vHY/Mi1CwewgZLvKtR71qdtyNamVatwg=
github.com/tonny-zhang/cotton v0.0.0-20210307032233-bdf791217ccc h1:AEZOIcf9Qixniklj+3SwGIRnui3JlAmXumnoPO4vKvg=
github.com/tonny-zhang/cotton v0.0.0-20210307032233-bdf791217ccc/go.mod h1:Hz9BQNVtv7KV8UweypIQRuv7R1E9i0o+o0gMKhiMj9A=
github.com/tonny-zhang/cotton v0.2.0 h1:/ewqBj0KH3/MzfDiQr8ymRddcjZnYcYyqw6PebB3wsI=
github.com/tonny-zhang/cotton v0.2.0/go.mod h1:Hz9BQNVtv7KV8UweypIQRuv7R1E9i0o+o0gMKhiMj9A=
github.com/xujiajun/gorouter v1.2.0 h1:aPKfkzLHxPYRgr+irEE00SEOf78LHnxH/v4m8QiV51Y=
github.com/xujiajun/gorouter v1.2.0/go.mod h1:yJrIta+bTNpBM/2UT8hLOaEAFckO+m/qmR3luMIQygM=
golang.org/x/sys v0.0.0-20191204072324-ce4227a45e2e/go.mod h1:h1NjWce9XRLGQEsW7wpKNCjG9DtNlClVuFLEZdDNbEs=
golang.org/x/sys v0.0.0-20210319071255-635bc2c9138d h1:jbzgAvDZn8aEnytae+4ou0J0GwFZoHR0hOrTg4qH8GA=
golang.org/x/sys v0.0.0-20210319071255-635bc2c9138d/go.mod h1:h1NjWce9XRLGQEsW7wpKNCjG9DtNlClVuFLEZdDNbEs=
gopkg.in/check.v1 v0.0.0-20161208181325-20d25e280405/go.mod h1:Co6ibVJAznAaIkqp8huTwlJQCZ016jof/cbN4VW5Yz0=
gopkg.in/yaml.v2 v2.3.0/go.mod h1:hI93XBmqTisBFMUTm0b8Fm+jr3Dg1NNxqwp+5A1VGuI=
gopkg.in/yaml.v3 v3.0.0-20200313102051-9f266ea9e77c/go.mod h1:K4uyk7z7BCEPqu6E+C64Yfv1cQ7kz7rIZviUmN+EgEM=
